
Microsoft Visual Studio Solution File, Format Version 12.00
# Visual Studio Version 17
VisualStudioVersion = 17.10.34928.147
MinimumVisualStudioVersion = 10.0.40219.1
Project("{FAE04EC0-301F-11D3-BF4B-00C04F79EFBC}") = "Events.API", "Events.API.csproj", "{F3CFE0D6-A7C3-42A1-9509-5310979DC707}"
EndProject
Project("{FAE04EC0-301F-11D3-BF4B-00C04F79EFBC}") = "Events.Domain", "..\Events.Domain\Events.Domain.csproj", "{95B4C324-7EC7-4804-9581-35CEC228C8DC}"
EndProject
Project("{FAE04EC0-301F-11D3-BF4B-00C04F79EFBC}") = "Events.Infrastructure", "..\Events.Infrastructure\Events.Infrastructure.csproj", "{65B1979A-656B-44A5-8514-A17CAC32AAEB}"
EndProject
Project("{FAE04EC0-301F-11D3-BF4B-00C04F79EFBC}") = "Events.Application", "..\Events.Application\Events.Application.csproj", "{AF9FCB8B-148E-4A2B-9858-059C191BFB73}"
EndProject
Global
	GlobalSection(SolutionConfigurationPlatforms) = preSolution
		Debug|Any CPU = Debug|Any CPU
		Release|Any CPU = Release|Any CPU
	EndGlobalSection
	GlobalSection(ProjectConfigurationPlatforms) = postSolution
		{F3CFE0D6-A7C3-42A1-9509-5310979DC707}.Debug|Any CPU.ActiveCfg = Debug|Any CPU
		{F3CFE0D6-A7C3-42A1-9509-5310979DC707}.Debug|Any CPU.Build.0 = Debug|Any CPU
		{F3CFE0D6-A7C3-42A1-9509-5310979DC707}.Release|Any CPU.ActiveCfg = Release|Any CPU
		{F3CFE0D6-A7C3-42A1-9509-5310979DC707}.Release|Any CPU.Build.0 = Release|Any CPU
		{95B4C324-7EC7-4804-9581-35CEC228C8DC}.Debug|Any CPU.ActiveCfg = Debug|Any CPU
		{95B4C324-7EC7-4804-9581-35CEC228C8DC}.Debug|Any CPU.Build.0 = Debug|Any CPU
		{95B4C324-7EC7-4804-9581-35CEC228C8DC}.Release|Any CPU.ActiveCfg = Release|Any CPU
		{95B4C324-7EC7-4804-9581-35CEC228C8DC}.Release|Any CPU.Build.0 = Release|Any CPU
		{65B1979A-656B-44A5-8514-A17CAC32AAEB}.Debug|Any CPU.ActiveCfg = Debug|Any CPU
		{65B1979A-656B-44A5-8514-A17CAC32AAEB}.Debug|Any CPU.Build.0 = Debug|Any CPU
		{65B1979A-656B-44A5-8514-A17CAC32AAEB}.Release|Any CPU.ActiveCfg = Release|Any CPU
		{65B1979A-656B-44A5-8514-A17CAC32AAEB}.Release|Any CPU.Build.0 = Release|Any CPU
		{AF9FCB8B-148E-4A2B-9858-059C191BFB73}.Debug|Any CPU.ActiveCfg = Debug|Any CPU
		{AF9FCB8B-148E-4A2B-9858-059C191BFB73}.Debug|Any CPU.Build.0 = Debug|Any CPU
		{AF9FCB8B-148E-4A2B-9858-059C191BFB73}.Release|Any CPU.ActiveCfg = Release|Any CPU
		{AF9FCB8B-148E-4A2B-9858-059C191BFB73}.Release|Any CPU.Build.0 = Release|Any CPU
	EndGlobalSection
	GlobalSection(SolutionProperties) = preSolution
		HideSolutionNode = FALSE
	EndGlobalSection
	GlobalSection(ExtensibilityGlobals) = postSolution
		SolutionGuid = {5F3995A1-573D-41CE-A0BB-99C5AD6071F6}
	EndGlobalSection
EndGlobal
